{
    "name": "harmonyos-sans-webfont-splitted",
    "version": "1.0.0",
    "lockfileVersion": 3,
    "requires": true,
    "packages": {
        "": {
            "name": "harmonyos-sans-webfont-splitted",
            "version": "1.0.0",
            "license": "MIT",
            "devDependencies": {
                "cn-font-split": "6"
            }
        },
        "node_modules/@chinese-fonts/font-contours": {
            "version": "1.0.0",
            "resolved": "https://registry.npmjs.org/@chinese-fonts/font-contours/-/font-contours-1.0.0.tgz",
            "integrity": "sha512-KJx2DuJEJ24horFEEXhmkxaBbDFEU6kdI5/eFQ6PJd2LJMEYV6/6/Rl9APS0UTA+KLTnZUG/IJleZ5f5fSA00g==",
            "dev": true,
            "license": "ISC"
        },
        "node_modules/@emnapi/core": {
            "version": "1.6.0",
            "resolved": "https://registry.npmjs.org/@emnapi/core/-/core-1.6.0.tgz",
            "integrity": "sha512-zq/ay+9fNIJJtJiZxdTnXS20PllcYMX3OE23ESc4HK/bdYu3cOWYVhsOhVnXALfU/uqJIxn5NBPd9z4v+SfoSg==",
            "dev": true,
            "license": "MIT",
            "optional": true,
            "dependencies": {
                "@emnapi/wasi-threads": "1.1.0",
                "tslib": "^2.4.0"
            }
        },
        "node_modules/@emnapi/runtime": {
            "version": "1.6.0",
            "resolved": "https://registry.npmjs.org/@emnapi/runtime/-/runtime-1.6.0.tgz",
            "integrity": "sha512-obtUmAHTMjll499P+D9A3axeJFlhdjOWdKUNs/U6QIGT7V5RjcUW1xToAzjvmgTSQhDbYn/NwfTRoJcQ2rNBxA==",
            "dev": true,
            "license": "MIT",
            "optional": true,
            "dependencies": {
                "tslib": "^2.4.0"
            }
        },
        "node_modules/@emnapi/wasi-threads": {
            "version": "1.1.0",
            "resolved": "https://registry.npmjs.org/@emnapi/wasi-threads/-/wasi-threads-1.1.0.tgz",
            "integrity": "sha512-WI0DdZ8xFSbgMjR1sFsKABJ/C5OnRrjT06JXbZKexJGrDuPTzZdDYfFlsgcCXCyf+suG5QU2e/y1Wo2V/OapLQ==",
            "dev": true,
            "license": "MIT",
            "optional": true,
            "dependencies": {
                "tslib": "^2.4.0"
            }
        },
        "node_modules/@japont/unicode-range": {
            "version": "1.0.0",
            "resolved": "https://registry.npmjs.org/@japont/unicode-range/-/unicode-range-1.0.0.tgz",
            "integrity": "sha512-BckHvA2XdjRBVAWe2uceNuRf78lBeI28kyWEbfr/Q2pE17POkwuZ6WWY/UMv8FL9iBxhW4xfDoNLM9UVZaTeUQ==",
            "dev": true,
            "license": "MIT"
        },
        "node_modules/@napi-rs/wasm-runtime": {
            "version": "1.0.7",
            "resolved": "https://registry.npmjs.org/@napi-rs/wasm-runtime/-/wasm-runtime-1.0.7.tgz",
            "integrity": "sha512-SeDnOO0Tk7Okiq6DbXmmBODgOAb9dp9gjlphokTUxmt8U3liIP1ZsozBahH69j/RJv+Rfs6IwUKHTgQYJ/HBAw==",
            "dev": true,
            "license": "MIT",
            "optional": true,
            "dependencies": {
                "@emnapi/core": "^1.5.0",
                "@emnapi/runtime": "^1.5.0",
                "@tybys/wasm-util": "^0.10.1"
            }
        },
        "node_modules/@napi-rs/woff-build": {
            "version": "0.2.2",
            "resolved": "https://registry.npmjs.org/@napi-rs/woff-build/-/woff-build-0.2.2.tgz",
            "integrity": "sha512-dJst7XDaCsXjz9y8UYQhg120cloaKDSH+fS96M87HutzO/RdK9E1JNKq9JGNYWRCiYOlDRX0rUqJnL0rLDsOCw==",
            "dev": true,
            "license": "MIT",
            "engines": {
                "node": ">= 10"
            },
            "funding": {
                "type": "github",
                "url": "https://github.com/sponsors/Brooooooklyn"
            },
            "optionalDependencies": {
                "@napi-rs/woff-build-android-arm-eabi": "0.2.2",
                "@napi-rs/woff-build-android-arm64": "0.2.2",
                "@napi-rs/woff-build-darwin-arm64": "0.2.2",
                "@napi-rs/woff-build-darwin-x64": "0.2.2",
                "@napi-rs/woff-build-linux-arm64-gnu": "0.2.2",
                "@napi-rs/woff-build-linux-arm64-musl": "0.2.2",
                "@napi-rs/woff-build-linux-x64-gnu": "0.2.2",
                "@napi-rs/woff-build-linux-x64-musl": "0.2.2",
                "@napi-rs/woff-build-wasm32-wasi": "0.2.2",
                "@napi-rs/woff-build-win32-arm64-msvc": "0.2.2",
                "@napi-rs/woff-build-win32-ia32-msvc": "0.2.2",
                "@napi-rs/woff-build-win32-x64-msvc": "0.2.2"
            }
        },
        "node_modules/@napi-rs/woff-build-android-arm-eabi": {
            "version": "0.2.2",
            "resolved": "https://registry.npmjs.org/@napi-rs/woff-build-android-arm-eabi/-/woff-build-android-arm-eabi-0.2.2.tgz",
            "integrity": "sha512-yXtQYhOH8rmRJDzp3pS7ZSHYigSIbeI6AdLanJnjPs8sJ+EGAqetew5bAJL+QOe7pSuXyYRPRvTC4YCgB0Iw5Q==",
            "cpu": [
                "arm"
            ],
            "dev": true,
            "license": "MIT",
            "optional": true,
            "os": [
                "android"
            ],
            "engines": {
                "node": ">= 10"
            }
        },
        "node_modules/@napi-rs/woff-build-android-arm64": {
            "version": "0.2.2",
            "resolved": "https://registry.npmjs.org/@napi-rs/woff-build-android-arm64/-/woff-build-android-arm64-0.2.2.tgz",
            "integrity": "sha512-3wadXjr1+Z63lBJYPaljXtqkYFMW2IILvt3mkztLaqfxZDYZbfyLy7War8I+L2IaYUamDF0rjz3iC/K+OyrZvA==",
            "cpu": [
                "arm64"
            ],
            "dev": true,
            "license": "MIT",
            "optional": true,
            "os": [
                "android"
            ],
            "engines": {
                "node": ">= 10"
            }
        },
        "node_modules/@napi-rs/woff-build-darwin-arm64": {
            "version": "0.2.2",
            "resolved": "https://registry.npmjs.org/@napi-rs/woff-build-darwin-arm64/-/woff-build-darwin-arm64-0.2.2.tgz",
            "integrity": "sha512-4ugP2K2VYeTE0rn7BnNZEHbvFE8B2V8fkrVo65x0nivmmw2u7rsWjt1jdf1oC3yQYHy5VM/Nq9iepqm8NfJsjA==",
            "cpu": [
                "arm64"
            ],
            "dev": true,
            "license": "MIT",
            "optional": true,
            "os": [
                "darwin"
            ],
            "engines": {
                "node": ">= 10"
            }
        },
        "node_modules/@napi-rs/woff-build-darwin-x64": {
            "version": "0.2.2",
            "resolved": "https://registry.npmjs.org/@napi-rs/woff-build-darwin-x64/-/woff-build-darwin-x64-0.2.2.tgz",
            "integrity": "sha512-6KL02hFcYY6R5lC0Zxz924/J4fnrBoeVST5AjD1HlM4K/B8b7wyFH27zfsD2LvVsJ2jSZAiuiRfFDDYlKQCo8A==",
            "cpu": [
                "x64"
            ],
            "dev": true,
            "license": "MIT",
            "optional": true,
            "os": [
                "darwin"
            ],
            "engines": {
                "node": ">= 10"
            }
        },
        "node_modules/@napi-rs/woff-build-linux-arm64-gnu": {
            "version": "0.2.2",
            "resolved": "https://registry.npmjs.org/@napi-rs/woff-build-linux-arm64-gnu/-/woff-build-linux-arm64-gnu-0.2.2.tgz",
            "integrity": "sha512-Mu/3fSBYghjZZrHVb+ML39EYj9AUvTLCIQ9aCJpgGsjk1BAKFRugtB5QjScnXoVtspFKogaTYUbS2j2mTT5gVw==",
            "cpu": [
                "arm64"
            ],
            "dev": true,
            "license": "MIT",
            "optional": true,
            "os": [
                "linux"
            ],
            "engines": {
                "node": ">= 10"
            }
        },
        "node_modules/@napi-rs/woff-build-linux-arm64-musl": {
            "version": "0.2.2",
            "resolved": "https://registry.npmjs.org/@napi-rs/woff-build-linux-arm64-musl/-/woff-build-linux-arm64-musl-0.2.2.tgz",
            "integrity": "sha512-4aeqALBdYYPKm8IykUl4hHidkmReBC5KDKtXnDKdGfXt3UPLCsK+szvGMN5H9+AkqYpN0AAkh+3jzK1KXAP1Jg==",
            "cpu": [
                "arm64"
            ],
            "dev": true,
            "license": "MIT",
            "optional": true,
            "os": [
                "linux"
            ],
            "engines": {
                "node": ">= 10"
            }
        },
        "node_modules/@napi-rs/woff-build-linux-x64-gnu": {
            "version": "0.2.2",
            "resolved": "https://registry.npmjs.org/@napi-rs/woff-build-linux-x64-gnu/-/woff-build-linux-x64-gnu-0.2.2.tgz",
            "integrity": "sha512-NBS9dsif1HSNJzpYNm9Gcc1I1fq9r0QWWxNuJdda+iUFTxuy81yVqL3hvUS3ru4aiF3qo5iya5/bgWWpHEhnww==",
            "cpu": [
                "x64"
            ],
            "dev": true,
            "license": "MIT",
            "optional": true,
            "os": [
                "linux"
            ],
            "engines": {
                "node": ">= 10"
            }
        },
        "node_modules/@napi-rs/woff-build-linux-x64-musl": {
            "version": "0.2.2",
            "resolved": "https://registry.npmjs.org/@napi-rs/woff-build-linux-x64-musl/-/woff-build-linux-x64-musl-0.2.2.tgz",
            "integrity": "sha512-NLDLObX0JX+Plok/fJFCgi/fGwevcn8bI9GSd4Sz/jPY1hZtb/1o1Z0egGMkfyZxTKx8fSg5+VMU1yDii1Uvfw==",
            "cpu": [
                "x64"
            ],
            "dev": true,
            "license": "MIT",
            "optional": true,
            "os": [
                "linux"
            ],
            "engines": {
                "node": ">= 10"
            }
        },
        "node_modules/@napi-rs/woff-build-wasm32-wasi": {
            "version": "0.2.2",
            "resolved": "https://registry.npmjs.org/@napi-rs/woff-build-wasm32-wasi/-/woff-build-wasm32-wasi-0.2.2.tgz",
            "integrity": "sha512-h6sOnis3zgAs65vy1ReA6Csiyxs5uv0i+IftcEZaR4sTEORkkfFU0UFesHcRy1Rp1SQQbcz/5RShWPFN2SIh8w==",
            "cpu": [
                "wasm32"
            ],
            "dev": true,
            "license": "MIT",
            "optional": true,
            "dependencies": {
                "@napi-rs/wasm-runtime": "^1.0.3"
            },
            "engines": {
                "node": ">=14.0.0"
            }
        },
        "node_modules/@napi-rs/woff-build-win32-arm64-msvc": {
            "version": "0.2.2",
            "resolved": "https://registry.npmjs.org/@napi-rs/woff-build-win32-arm64-msvc/-/woff-build-win32-arm64-msvc-0.2.2.tgz",
            "integrity": "sha512-HT3cxkXHnL6gEyMoOqW2BRnEKNNJWwvt6hzH29+fXglm3C4E1xwRf/4quF/71CJDfW4K4kN6xPyL+UDl5GgzpQ==",
            "cpu": [
                "arm64"
            ],
            "dev": true,
            "license": "MIT",
            "optional": true,
            "os": [
                "win32"
            ],
            "engines": {
                "node": ">= 10"
            }
        },
        "node_modules/@napi-rs/woff-build-win32-ia32-msvc": {
            "version": "0.2.2",
            "resolved": "https://registry.npmjs.org/@napi-rs/woff-build-win32-ia32-msvc/-/woff-build-win32-ia32-msvc-0.2.2.tgz",
            "integrity": "sha512-FLzw4FGVdr952exrpH3ULK+drjQiCMZTpp8vI9Nc6wKUkZ7236zJAvfsRPi91hfpipyBbo7u7CiuVP0p4Cx8sw==",
            "cpu": [
                "ia32"
            ],
            "dev": true,
            "license": "MIT",
            "optional": true,
            "os": [
                "win32"
            ],
            "engines": {
                "node": ">= 10"
            }
        },
        "node_modules/@napi-rs/woff-build-win32-x64-msvc": {
            "version": "0.2.2",
            "resolved": "https://registry.npmjs.org/@napi-rs/woff-build-win32-x64-msvc/-/woff-build-win32-x64-msvc-0.2.2.tgz",
            "integrity": "sha512-X9kOtqy+j/azXrcuwCgBg0WVgtgyKwhm0C+qca+20sqSPpNywDSfwCGmy+aIaNzRXF4V6VTj3IG9Iis+wKPPVw==",
            "cpu": [
                "x64"
            ],
            "dev": true,
            "license": "MIT",
            "optional": true,
            "os": [
                "win32"
            ],
            "engines": {
                "node": ">= 10"
            }
        },
        "node_modules/@tybys/wasm-util": {
            "version": "0.10.1",
            "resolved": "https://registry.npmjs.org/@tybys/wasm-util/-/wasm-util-0.10.1.tgz",
            "integrity": "sha512-9tTaPJLSiejZKx+Bmog4uSubteqTvFrVrURwkmHixBo0G4seD0zUxp98E1DzUBJxLQ3NPwXrGKDiVjwx/DpPsg==",
            "dev": true,
            "license": "MIT",
            "optional": true,
            "dependencies": {
                "tslib": "^2.4.0"
            }
        },
        "node_modules/byte-size": {
            "version": "8.2.1",
            "resolved": "https://registry.npmjs.org/byte-size/-/byte-size-8.2.1.tgz",
            "integrity": "sha512-pph2jjc3PxRLeB2nWfJy/tMiHnS6j7xhDlkglBp3KlchnJkILdZ2DmUyZ8svDJ5Z+q431vbhuoiuOvuGhY8fjw==",
            "dev": true,
            "license": "MIT",
            "engines": {
                "node": ">=12.17"
            }
        },
        "node_modules/charenc": {
            "version": "0.0.2",
            "resolved": "https://registry.npmjs.org/charenc/-/charenc-0.0.2.tgz",
            "integrity": "sha512-yrLQ/yVUFXkzg7EDQsPieE/53+0RlaWTs+wBrvW36cyilJ2SaDWfl4Yj7MtLTXleV9uEKefbAGUPv2/iWSooRA==",
            "dev": true,
            "license": "BSD-3-Clause",
            "engines": {
                "node": "*"
            }
        },
        "node_modules/cn-font-split": {
            "version": "6.0.3",
            "resolved": "https://registry.npmjs.org/cn-font-split/-/cn-font-split-6.0.3.tgz",
            "integrity": "sha512-j1fDT78CTxsCNql93wbzoHYfxYb+tRC4RuDVm7Q5GHdtSO4aB75x0ggbEZfKXEBkH8vtXCHe2LoqKAfXLJekjA==",
            "dev": true,
            "license": "Apache-2.0",
            "dependencies": {
                "@chinese-fonts/font-contours": "^1.0.0",
                "@japont/unicode-range": "^1.0.0",
                "@napi-rs/woff-build": "^0.2.0",
                "byte-size": "^8.1.1",
                "fs-extra": "^11.1.1",
                "md5": "^2.3.0",
                "mri": "^1.2.0",
                "os-locale": "^6.0.2",
                "tslog": "^4.9.2",
                "workerpool": "9.1.1"
            },
            "bin": {
                "cn-font-split": "bin/cn-font-split.mjs"
            }
        },
        "node_modules/crypt": {
            "version": "0.0.2",
            "resolved": "https://registry.npmjs.org/crypt/-/crypt-0.0.2.tgz",
            "integrity": "sha512-mCxBlsHFYh9C+HVpiEacem8FEBnMXgU9gy4zmNC+SXAZNB/1idgp/aulFJ4FgCi7GPEVbfyng092GqL2k2rmow==",
            "dev": true,
            "license": "BSD-3-Clause",
            "engines": {
                "node": "*"
            }
        },
        "node_modules/fs-extra": {
            "version": "11.3.2",
            "resolved": "https://registry.npmjs.org/fs-extra/-/fs-extra-11.3.2.tgz",
            "integrity": "sha512-Xr9F6z6up6Ws+NjzMCZc6WXg2YFRlrLP9NQDO3VQrWrfiojdhS56TzueT88ze0uBdCTwEIhQ3ptnmKeWGFAe0A==",
            "dev": true,
            "license": "MIT",
            "dependencies": {
                "graceful-fs": "^4.2.0",
                "jsonfile": "^6.0.1",
                "universalify": "^2.0.0"
            },
            "engines": {
                "node": ">=14.14"
            }
        },
        "node_modules/graceful-fs": {
            "version": "4.2.11",
            "resolved": "https://registry.npmjs.org/graceful-fs/-/graceful-fs-4.2.11.tgz",
            "integrity": "sha512-RbJ5/jmFcNNCcDV5o9eTnBLJ/HszWV0P73bc+Ff4nS/rJj+YaS6IGyiOL0VoBYX+l1Wrl3k63h/KrH+nhJ0XvQ==",
            "dev": true,
            "license": "ISC"
        },
        "node_modules/invert-kv": {
            "version": "3.0.1",
            "resolved": "https://registry.npmjs.org/invert-kv/-/invert-kv-3.0.1.tgz",
            "integrity": "sha512-CYdFeFexxhv/Bcny+Q0BfOV+ltRlJcd4BBZBYFX/O0u4npJrgZtIcjokegtiSMAvlMTJ+Koq0GBCc//3bueQxw==",
            "dev": true,
            "license": "MIT",
            "engines": {
                "node": ">=8"
            },
            "funding": {
                "url": "https://github.com/sindresorhus/invert-kv?sponsor=1"
            }
        },
        "node_modules/is-buffer": {
            "version": "1.1.6",
            "resolved": "https://registry.npmjs.org/is-buffer/-/is-buffer-1.1.6.tgz",
            "integrity": "sha512-NcdALwpXkTm5Zvvbk7owOUSvVvBKDgKP5/ewfXEznmQFfs4ZRmanOeKBTjRVjka3QFoN6XJ+9F3USqfHqTaU5w==",
            "dev": true,
            "license": "MIT"
        },
        "node_modules/jsonfile": {
            "version": "6.2.0",
            "resolved": "https://registry.npmjs.org/jsonfile/-/jsonfile-6.2.0.tgz",
            "integrity": "sha512-FGuPw30AdOIUTRMC2OMRtQV+jkVj2cfPqSeWXv1NEAJ1qZ5zb1X6z1mFhbfOB/iy3ssJCD+3KuZ8r8C3uVFlAg==",
            "dev": true,
            "license": "MIT",
            "dependencies": {
                "universalify": "^2.0.0"
            },
            "optionalDependencies": {
                "graceful-fs": "^4.1.6"
            }
        },
        "node_modules/lcid": {
            "version": "3.1.1",
            "resolved": "https://registry.npmjs.org/lcid/-/lcid-3.1.1.tgz",
            "integrity": "sha512-M6T051+5QCGLBQb8id3hdvIW8+zeFV2FyBGFS9IEK5H9Wt4MueD4bW1eWikpHgZp+5xR3l5c8pZUkQsIA0BFZg==",
            "dev": true,
            "license": "MIT",
            "dependencies": {
                "invert-kv": "^3.0.0"
            },
            "engines": {
                "node": ">=8"
            }
        },
        "node_modules/md5": {
            "version": "2.3.0",
            "resolved": "https://registry.npmjs.org/md5/-/md5-2.3.0.tgz",
            "integrity": "sha512-T1GITYmFaKuO91vxyoQMFETst+O71VUPEU3ze5GNzDm0OWdP8v1ziTaAEPUr/3kLsY3Sftgz242A1SetQiDL7g==",
            "dev": true,
            "license": "BSD-3-Clause",
            "dependencies": {
                "charenc": "0.0.2",
                "crypt": "0.0.2",
                "is-buffer": "~1.1.6"
            }
        },
        "node_modules/mri": {
            "version": "1.2.0",
            "resolved": "https://registry.npmjs.org/mri/-/mri-1.2.0.tgz",
            "integrity": "sha512-tzzskb3bG8LvYGFF/mDTpq3jpI6Q9wc3LEmBaghu+DdCssd1FakN7Bc0hVNmEyGq1bq3RgfkCb3cmQLpNPOroA==",
            "dev": true,
            "license": "MIT",
            "engines": {
                "node": ">=4"
            }
        },
        "node_modules/os-locale": {
            "version": "6.0.2",
            "resolved": "https://registry.npmjs.org/os-locale/-/os-locale-6.0.2.tgz",
            "integrity": "sha512-qIb8bzRqaN/vVqEYZ7lTAg6PonskO7xOmM7OClD28F6eFa4s5XGe4bGpHUHMoCHbNNuR0pDYFeSLiW5bnjWXIA==",
            "dev": true,
            "license": "MIT",
            "dependencies": {
                "lcid": "^3.1.1"
            },
            "engines": {
                "node": ">=12.20"
            },
            "funding": {
                "url": "https://github.com/sponsors/sindresorhus"
            }
        },
        "node_modules/tslib": {
            "version": "2.8.1",
            "resolved": "https://registry.npmjs.org/tslib/-/tslib-2.8.1.tgz",
            "integrity": "sha512-oJFu94HQb+KVduSUQL7wnpmqnfmLsOA/nAh6b6EH0wCEoK0/mPeXU6c3wKDV83MkOuHPRHtSXKKU99IBazS/2w==",
            "dev": true,
            "license": "0BSD",
            "optional": true
        },
        "node_modules/tslog": {
            "version": "4.10.2",
            "resolved": "https://registry.npmjs.org/tslog/-/tslog-4.10.2.tgz",
            "integrity": "sha512-XuELoRpMR+sq8fuWwX7P0bcj+PRNiicOKDEb3fGNURhxWVyykCi9BNq7c4uVz7h7P0sj8qgBsr5SWS6yBClq3g==",
            "dev": true,
            "license": "MIT",
            "engines": {
                "node": ">=16"
            },
            "funding": {
                "url": "https://github.com/fullstack-build/tslog?sponsor=1"
            }
        },
        "node_modules/universalify": {
            "version": "2.0.1",
            "resolved": "https://registry.npmjs.org/universalify/-/universalify-2.0.1.tgz",
            "integrity": "sha512-gptHNQghINnc/vTGIk0SOFGFNXw7JVrlRUtConJRlvaw6DuX0wO5Jeko9sWrMBhh+PsYAZ7oXAiOnf/UKogyiw==",
            "dev": true,
            "license": "MIT",
            "engines": {
                "node": ">= 10.0.0"
            }
        },
        "node_modules/workerpool": {
            "version": "9.1.1",
            "resolved": "https://registry.npmjs.org/workerpool/-/workerpool-9.1.1.tgz",
            "integrity": "sha512-EFoFTSEo9m4V4wNrwzVRjxnf/E/oBpOzcI/R5CIugJhl9RsCiq525rszo4AtqcjQQoqFdu2E3H82AnbtpaQHvg==",
            "dev": true,
            "license": "Apache-2.0"
        }
    }
}
